// !$*UTF8*$!
{
	archiveVersion = 1;
	classes = {
	};
	objectVersion = 56;
	objects = {

/* Begin PBXBuildFile section */
		F3A360F42B14B1EB004A6E25 /* AppDelegate.swift in Sources */ = {isa = PBXBuildFile; fileRef = F3A360F32B14B1EB004A6E25 /* AppDelegate.swift */; };
		F3A360F62B14B1EB004A6E25 /* SceneDelegate.swift in Sources */ = {isa = PBXBuildFile; fileRef = F3A360F52B14B1EB004A6E25 /* SceneDelegate.swift */; };
		F3A360F82B14B1EB004A6E25 /* MainViewController.swift in Sources */ = {isa = PBXBuildFile; fileRef = F3A360F72B14B1EB004A6E25 /* MainViewController.swift */; };
		F3A360FD2B14B1ED004A6E25 /* Assets.xcassets in Resources */ = {isa = PBXBuildFile; fileRef = F3A360FC2B14B1ED004A6E25 /* Assets.xcassets */; };
		F3A361002B14B1ED004A6E25 /* LaunchScreen.storyboard in Resources */ = {isa = PBXBuildFile; fileRef = F3A360FE2B14B1ED004A6E25 /* LaunchScreen.storyboard */; };
		F3A361082B14B281004A6E25 /* ViewDetailCellController.swift in Sources */ = {isa = PBXBuildFile; fileRef = F3A361072B14B281004A6E25 /* ViewDetailCellController.swift */; };
		F3A3610A2B14B2C7004A6E25 /* CostomTableViewCell.swift in Sources */ = {isa = PBXBuildFile; fileRef = F3A361092B14B2C7004A6E25 /* CostomTableViewCell.swift */; };
		F3A3610C2B14B4D6004A6E25 /* ModelCell.swift in Sources */ = {isa = PBXBuildFile; fileRef = F3A3610B2B14B4D6004A6E25 /* ModelCell.swift */; };
		F3A3610E2B14B50E004A6E25 /* HabitDetailsViewController.swift in Sources */ = {isa = PBXBuildFile; fileRef = F3A3610D2B14B50E004A6E25 /* HabitDetailsViewController.swift */; };
		F3A361122B14B5B1004A6E25 /* CustomTableViewCell.swift in Sources */ = {isa = PBXBuildFile; fileRef = F3A361112B14B5B1004A6E25 /* CustomTableViewCell.swift */; };
		F3A361142B14B5DC004A6E25 /* HeaderTableViewCell.swift in Sources */ = {isa = PBXBuildFile; fileRef = F3A361132B14B5DC004A6E25 /* HeaderTableViewCell.swift */; };
		F3A361162B14B608004A6E25 /* cUrl.swift in Sources */ = {isa = PBXBuildFile; fileRef = F3A361152B14B608004A6E25 /* cUrl.swift */; };
		F3A361192B14B809004A6E25 /* HabitsStore.swift in Sources */ = {isa = PBXBuildFile; fileRef = F3A361182B14B809004A6E25 /* HabitsStore.swift */; };
		F3A3611D2B14BAC3004A6E25 /* Extentions.swift in Sources */ = {isa = PBXBuildFile; fileRef = F3A3611C2B14BAC3004A6E25 /* Extentions.swift */; };
/* End PBXBuildFile section */

/* Begin PBXFileReference section */
		F3A360F02B14B1EB004A6E25 /* WB_travel.app */ = {isa = PBXFileReference; explicitFileType = wrapper.application; includeInIndex = 0; path = WB_travel.app; sourceTree = BUILT_PRODUCTS_DIR; };
		F3A360F32B14B1EB004A6E25 /* AppDelegate.swift */ = {isa = PBXFileReference; lastKnownFileType = sourcecode.swift; path = AppDelegate.swift; sourceTree = "<group>"; };
		F3A360F52B14B1EB004A6E25 /* SceneDelegate.swift */ = {isa = PBXFileReference; lastKnownFileType = sourcecode.swift; path = SceneDelegate.swift; sourceTree = "<group>"; };
		F3A360F72B14B1EB004A6E25 /* MainViewController.swift */ = {isa = PBXFileReference; lastKnownFileType = sourcecode.swift; path = MainViewController.swift; sourceTree = "<group>"; };
		F3A360FC2B14B1ED004A6E25 /* Assets.xcassets */ = {isa = PBXFileReference; lastKnownFileType = folder.assetcatalog; path = Assets.xcassets; sourceTree = "<group>"; };
		F3A360FF2B14B1ED004A6E25 /* Base */ = {isa = PBXFileReference; lastKnownFileType = file.storyboard; name = Base; path = Base.lproj/LaunchScreen.storyboard; sourceTree = "<group>"; };
		F3A361012B14B1ED004A6E25 /* Info.plist */ = {isa = PBXFileReference; lastKnownFileType = text.plist.xml; path = Info.plist; sourceTree = "<group>"; };
		F3A361072B14B281004A6E25 /* ViewDetailCellController.swift */ = {isa = PBXFileReference; lastKnownFileType = sourcecode.swift; path = ViewDetailCellController.swift; sourceTree = "<group>"; };
		F3A361092B14B2C7004A6E25 /* CostomTableViewCell.swift */ = {isa = PBXFileReference; lastKnownFileType = sourcecode.swift; path = CostomTableViewCell.swift; sourceTree = "<group>"; };
		F3A3610B2B14B4D6004A6E25 /* ModelCell.swift */ = {isa = PBXFileReference; lastKnownFileType = sourcecode.swift; path = ModelCell.swift; sourceTree = "<group>"; };
		F3A3610D2B14B50E004A6E25 /* HabitDetailsViewController.swift */ = {isa = PBXFileReference; lastKnownFileType = sourcecode.swift; path = HabitDetailsViewController.swift; sourceTree = "<group>"; };
		F3A361112B14B5B1004A6E25 /* CustomTableViewCell.swift */ = {isa = PBXFileReference; lastKnownFileType = sourcecode.swift; path = CustomTableViewCell.swift; sourceTree = "<group>"; };
		F3A361132B14B5DC004A6E25 /* HeaderTableViewCell.swift */ = {isa = PBXFileReference; lastKnownFileType = sourcecode.swift; path = HeaderTableViewCell.swift; sourceTree = "<group>"; };
		F3A361152B14B608004A6E25 /* cUrl.swift */ = {isa = PBXFileReference; lastKnownFileType = sourcecode.swift; path = cUrl.swift; sourceTree = "<group>"; };
		F3A361182B14B809004A6E25 /* HabitsStore.swift */ = {isa = PBXFileReference; lastKnownFileType = sourcecode.swift; path = HabitsStore.swift; sourceTree = "<group>"; };
		F3A3611C2B14BAC3004A6E25 /* Extentions.swift */ = {isa = PBXFileReference; lastKnownFileType = sourcecode.swift; path = Extentions.swift; sourceTree = "<group>"; };
/* End PBXFileReference section */

/* Begin PBXFrameworksBuildPhase section */
		F3A360ED2B14B1EB004A6E25 /* Frameworks */ = {
			isa = PBXFrameworksBuildPhase;
			buildActionMask = 2147483647;
			files = (
			);
			runOnlyForDeploymentPostprocessing = 0;
		};
/* End PBXFrameworksBuildPhase section */

/* Begin PBXGroup section */
		F3A360E72B14B1EB004A6E25 = {
			isa = PBXGroup;
			children = (
				F3A360F22B14B1EB004A6E25 /* WB_travel */,
				F3A360F12B14B1EB004A6E25 /* Products */,
			);
			sourceTree = "<group>";
		};
		F3A360F12B14B1EB004A6E25 /* Products */ = {
			isa = PBXGroup;
			children = (
				F3A360F02B14B1EB004A6E25 /* WB_travel.app */,
			);
			name = Products;
			sourceTree = "<group>";
		};
		F3A360F22B14B1EB004A6E25 /* WB_travel */ = {
			isa = PBXGroup;
			children = (
				F3A3611C2B14BAC3004A6E25 /* Extentions.swift */,
				F3A361012B14B1ED004A6E25 /* Info.plist */,
				F3A361172B14B705004A6E25 /* API */,
				F3A361202B14C543004A6E25 /* View controllers */,
				F3A3611F2B14C4C7004A6E25 /* Table */,
				F3A3611E2B14C3C4004A6E25 /* Aplication */,
			);
			path = WB_travel;
			sourceTree = "<group>";
		};
		F3A361172B14B705004A6E25 /* API */ = {
			isa = PBXGroup;
			children = (
				F3A3610B2B14B4D6004A6E25 /* ModelCell.swift */,
				F3A361182B14B809004A6E25 /* HabitsStore.swift */,
				F3A361152B14B608004A6E25 /* cUrl.swift */,
			);
			path = API;
			sourceTree = "<group>";
		};
		F3A3611E2B14C3C4004A6E25 /* Aplication */ = {
			isa = PBXGroup;
			children = (
				F3A360F32B14B1EB004A6E25 /* AppDelegate.swift */,
				F3A360F52B14B1EB004A6E25 /* SceneDelegate.swift */,
				F3A360FE2B14B1ED004A6E25 /* LaunchScreen.storyboard */,
				F3A360FC2B14B1ED004A6E25 /* Assets.xcassets */,
			);
			path = Aplication;
			sourceTree = "<group>";
		};
		F3A3611F2B14C4C7004A6E25 /* Table */ = {
			isa = PBXGroup;
			children = (
				F3A361092B14B2C7004A6E25 /* CostomTableViewCell.swift */,
				F3A361072B14B281004A6E25 /* ViewDetailCellController.swift */,
				F3A361132B14B5DC004A6E25 /* HeaderTableViewCell.swift */,
				F3A361112B14B5B1004A6E25 /* CustomTableViewCell.swift */,
			);
			path = Table;
			sourceTree = "<group>";
		};
		F3A361202B14C543004A6E25 /* View controllers */ = {
			isa = PBXGroup;
			children = (
				F3A360F72B14B1EB004A6E25 /* MainViewController.swift */,
				F3A3610D2B14B50E004A6E25 /* HabitDetailsViewController.swift */,
			);
			path = "View controllers";
			sourceTree = "<group>";
		};
/* End PBXGroup section */

/* Begin PBXNativeTarget section */
		F3A360EF2B14B1EB004A6E25 /* WB_travel */ = {
			isa = PBXNativeTarget;
			buildConfigurationList = F3A361042B14B1ED004A6E25 /* Build configuration list for PBXNativeTarget "WB_travel" */;
			buildPhases = (
				F3A360EC2B14B1EB004A6E25 /* Sources */,
				F3A360ED2B14B1EB004A6E25 /* Frameworks */,
				F3A360EE2B14B1EB004A6E25 /* Resources */,
			);
			buildRules = (
			);
			dependencies = (
			);
			name = WB_travel;
			productName = WB_travel;
			productReference = F3A360F02B14B1EB004A6E25 /* WB_travel.app */;
			productType = "com.apple.product-type.application";
		};
/* End PBXNativeTarget section */

/* Begin PBXProject section */
		F3A360E82B14B1EB004A6E25 /* Project object */ = {
			isa = PBXProject;
			attributes = {
				BuildIndependentTargetsInParallel = 1;
				LastSwiftUpdateCheck = 1500;
				LastUpgradeCheck = 1500;
				TargetAttributes = {
					F3A360EF2B14B1EB004A6E25 = {
						CreatedOnToolsVersion = 15.0.1;
					};
				};
			};
			buildConfigurationList = F3A360EB2B14B1EB004A6E25 /* Build configuration list for PBXProject "WB_travel" */;
			compatibilityVersion = "Xcode 14.0";
			developmentRegion = en;
			hasScannedForEncodings = 0;
			knownRegions = (
				en,
				Base,
			);
			mainGroup = F3A360E72B14B1EB004A6E25;
			productRefGroup = F3A360F12B14B1EB004A6E25 /* Products */;
			projectDirPath = "";
			projectRoot = "";
			targets = (
				F3A360EF2B14B1EB004A6E25 /* WB_travel */,
			);
		};
/* End PBXProject section */

/* Begin PBXResourcesBuildPhase section */
		F3A360EE2B14B1EB004A6E25 /* Resources */ = {
			isa = PBXResourcesBuildPhase;
			buildActionMask = 2147483647;
			files = (
				F3A361002B14B1ED004A6E25 /* LaunchScreen.storyboard in Resources */,
				F3A360FD2B14B1ED004A6E25 /* Assets.xcassets in Resources */,
			);
			runOnlyForDeploymentPostprocessing = 0;
		};
/* End PBXResourcesBuildPhase section */

/* Begin PBXSourcesBuildPhase section */
		F3A360EC2B14B1EB004A6E25 /* Sources */ = {
			isa = PBXSourcesBuildPhase;
			buildActionMask = 2147483647;
			files = (
				F3A361192B14B809004A6E25 /* HabitsStore.swift in Sources */,
				F3A361122B14B5B1004A6E25 /* CustomTableViewCell.swift in Sources */,
				F3A360F82B14B1EB004A6E25 /* MainViewController.swift in Sources */,
				F3A361162B14B608004A6E25 /* cUrl.swift in Sources */,
				F3A3610A2B14B2C7004A6E25 /* CostomTableViewCell.swift in Sources */,
				F3A360F42B14B1EB004A6E25 /* AppDelegate.swift in Sources */,
				F3A3610E2B14B50E004A6E25 /* HabitDetailsViewController.swift in Sources */,
				F3A360F62B14B1EB004A6E25 /* SceneDelegate.swift in Sources */,
				F3A3611D2B14BAC3004A6E25 /* Extentions.swift in Sources */,
				F3A361142B14B5DC004A6E25 /* HeaderTableViewCell.swift in Sources */,
				F3A361082B14B281004A6E25 /* ViewDetailCellController.swift in Sources */,
				F3A3610C2B14B4D6004A6E25 /* ModelCell.swift in Sources */,
			);
			runOnlyForDeploymentPostprocessing = 0;
		};
/* End PBXSourcesBuildPhase section */

/* Begin PBXVariantGroup section */
		F3A360FE2B14B1ED004A6E25 /* LaunchScreen.storyboard */ = {
			isa = PBXVariantGroup;
			children = (
				F3A360FF2B14B1ED004A6E25 /* Base */,
			);
			name = LaunchScreen.storyboard;
			sourceTree = "<group>";
		};
/* End PBXVariantGroup section */

/* Begin XCBuildConfiguration section */
		F3A361022B14B1ED004A6E25 /* Debug */ = {
			isa = XCBuildConfiguration;
			buildSettings = {
				ALWAYS_SEARCH_USER_PATHS = NO;
				ASSETCATALOG_COMPILER_GENERATE_SWIFT_ASSET_SYMBOL_EXTENSIONS = YES;
				CLANG_ANALYZER_NONNULL = YES;
				CLANG_ANALYZER_NUMBER_OBJECT_CONVERSION = YES_AGGRESSIVE;
				CLANG_CXX_LANGUAGE_STANDARD = "gnu++20";
				CLANG_ENABLE_MODULES = YES;
				CLANG_ENABLE_OBJC_ARC = YES;
				CLANG_ENABLE_OBJC_WEAK = YES;
				CLANG_WARN_BLOCK_CAPTURE_AUTORELEASING = YES;
				CLANG_WARN_BOOL_CONVERSION = YES;
				CLANG_WARN_COMMA = YES;
				CLANG_WARN_CONSTANT_CONVERSION = YES;
				CLANG_WARN_DEPRECATED_OBJC_IMPLEMENTATIONS = YES;
				CLANG_WARN_DIRECT_OBJC_ISA_USAGE = YES_ERROR;
				CLANG_WARN_DOCUMENTATION_COMMENTS = YES;
				CLANG_WARN_EMPTY_BODY = YES;
				CLANG_WARN_ENUM_CONVERSION = YES;
				CLANG_WARN_INFINITE_RECURSION = YES;
				CLANG_WARN_INT_CONVERSION = YES;
				CLANG_WARN_NON_LITERAL_NULL_CONVERSION = YES;
				CLANG_WARN_OBJC_IMPLICIT_RETAIN_SELF = YES;
				CLANG_WARN_OBJC_LITERAL_CONVERSION = YES;
				CLANG_WARN_OBJC_ROOT_CLASS = YES_ERROR;
				CLANG_WARN_QUOTED_INCLUDE_IN_FRAMEWORK_HEADER = YES;
				CLANG_WARN_RANGE_LOOP_ANALYSIS = YES;
				CLANG_WARN_STRICT_PROTOTYPES = YES;
				CLANG_WARN_SUSPICIOUS_MOVE = YES;
				CLANG_WARN_UNGUARDED_AVAILABILITY = YES_AGGRESSIVE;
				CLANG_WARN_UNREACHABLE_CODE = YES;
				CLANG_WARN__DUPLICATE_METHOD_MATCH = YES;
				COPY_PHASE_STRIP = NO;
				DEBUG_INFORMATION_FORMAT = dwarf;
				ENABLE_STRICT_OBJC_MSGSEND = YES;
				ENABLE_TESTABILITY = YES;
				ENABLE_USER_SCRIPT_SANDBOXING = YES;
				GCC_C_LANGUAGE_STANDARD = gnu17;
				GCC_DYNAMIC_NO_PIC = NO;
				GCC_NO_COMMON_BLOCKS = YES;
				GCC_OPTIMIZATION_LEVEL = 0;
				GCC_PREPROCESSOR_DEFINITIONS = (
					"DEBUG=1",
					"$(inherited)",
				);
				GCC_WARN_64_TO_32_BIT_CONVERSION = YES;
				GCC_WARN_ABOUT_RETURN_TYPE = YES_ERROR;
				GCC_WARN_UNDECLARED_SELECTOR = YES;
				GCC_WARN_UNINITIALIZED_AUTOS = YES_AGGRESSIVE;
				GCC_WARN_UNUSED_FUNCTION = YES;
				GCC_WARN_UNUSED_VARIABLE = YES;
				IPHONEOS_DEPLOYMENT_TARGET = 17.0;
				LOCALIZATION_PREFERS_STRING_CATALOGS = YES;
				MTL_ENABLE_DEBUG_INFO = INCLUDE_SOURCE;
				MTL_FAST_MATH = YES;
				ONLY_ACTIVE_ARCH = YES;
				SDKROOT = iphoneos;
				SWIFT_ACTIVE_COMPILATION_CONDITIONS = "DEBUG $(inherited)";
				SWIFT_OPTIMIZATION_LEVEL = "-Onone";
			};
			name = Debug;
		};
		F3A361032B14B1ED004A6E25 /* Release */ = {
			isa = XCBuildConfiguration;
			buildSettings = {
				ALWAYS_SEARCH_USER_PATHS = NO;
				ASSETCATALOG_COMPILER_GENERATE_SWIFT_ASSET_SYMBOL_EXTENSIONS = YES;
				CLANG_ANALYZER_NONNULL = YES;
				CLANG_ANALYZER_NUMBER_OBJECT_CONVERSION = YES_AGGRESSIVE;
				CLANG_CXX_LANGUAGE_STANDARD = "gnu++20";
				CLANG_ENABLE_MODULES = YES;
				CLANG_ENABLE_OBJC_ARC = YES;
				CLANG_ENABLE_OBJC_WEAK = YES;
				CLANG_WARN_BLOCK_CAPTURE_AUTORELEASING = YES;
				CLANG_WARN_BOOL_CONVERSION = YES;
				CLANG_WARN_COMMA = YES;
				CLANG_WARN_CONSTANT_CONVERSION = YES;
				CLANG_WARN_DEPRECATED_OBJC_IMPLEMENTATIONS = YES;
				CLANG_WARN_DIRECT_OBJC_ISA_USAGE = YES_ERROR;
				CLANG_WARN_DOCUMENTATION_COMMENTS = YES;
				CLANG_WARN_EMPTY_BODY = YES;
				CLANG_WARN_ENUM_CONVERSION = YES;
				CLANG_WARN_INFINITE_RECURSION = YES;
				CLANG_WARN_INT_CONVERSION = YES;
				CLANG_WARN_NON_LITERAL_NULL_CONVERSION = YES;
				CLANG_WARN_OBJC_IMPLICIT_RETAIN_SELF = YES;
				CLANG_WARN_OBJC_LITERAL_CONVERSION = YES;
				CLANG_WARN_OBJC_ROOT_CLASS = YES_ERROR;
				CLANG_WARN_QUOTED_INCLUDE_IN_FRAMEWORK_HEADER = YES;
				CLANG_WARN_RANGE_LOOP_ANALYSIS = YES;
				CLANG_WARN_STRICT_PROTOTYPES = YES;
				CLANG_WARN_SUSPICIOUS_MOVE = YES;
				CLANG_WARN_UNGUARDED_AVAILABILITY = YES_AGGRESSIVE;
				CLANG_WARN_UNREACHABLE_CODE = YES;
				CLANG_WARN__DUPLICATE_METHOD_MATCH = YES;
				COPY_PHASE_STRIP = NO;
				DEBUG_INFORMATION_FORMAT = "dwarf-with-dsym";
				ENABLE_NS_ASSERTIONS = NO;
				ENABLE_STRICT_OBJC_MSGSEND = YES;
				ENABLE_USER_SCRIPT_SANDBOXING = YES;
				GCC_C_LANGUAGE_STANDARD = gnu17;
				GCC_NO_COMMON_BLOCKS = YES;
				GCC_WARN_64_TO_32_BIT_CONVERSION = YES;
				GCC_WARN_ABOUT_RETURN_TYPE = YES_ERROR;
				GCC_WARN_UNDECLARED_SELECTOR = YES;
				GCC_WARN_UNINITIALIZED_AUTOS = YES_AGGRESSIVE;
				GCC_WARN_UNUSED_FUNCTION = YES;
				GCC_WARN_UNUSED_VARIABLE = YES;
				IPHONEOS_DEPLOYMENT_TARGET = 17.0;
				LOCALIZATION_PREFERS_STRING_CATALOGS = YES;
				MTL_ENABLE_DEBUG_INFO = NO;
				MTL_FAST_MATH = YES;
				SDKROOT = iphoneos;
				SWIFT_COMPILATION_MODE = wholemodule;
				VALIDATE_PRODUCT = YES;
			};
			name = Release;
		};
		F3A361052B14B1ED004A6E25 /* Debug */ = {
			isa = XCBuildConfiguration;
			buildSettings = {
				ASSETCATALOG_COMPILER_APPICON_NAME = AppIcon;
				ASSETCATALOG_COMPILER_GLOBAL_ACCENT_COLOR_NAME = AccentColor;
				CODE_SIGN_STYLE = Automatic;
				CURRENT_PROJECT_VERSION = 1;
				DEVELOPMENT_TEAM = 332MXW7JWG;
				GENERATE_INFOPLIST_FILE = YES;
				INFOPLIST_FILE = WB_travel/Info.plist;
				INFOPLIST_KEY_UIApplicationSupportsIndirectInputEvents = YES;
				INFOPLIST_KEY_UILaunchStoryboardName = LaunchScreen;
				INFOPLIST_KEY_UISupportedInterfaceOrientations_iPad = "UIInterfaceOrientationPortrait UIInterfaceOrientationPortraitUpsideDown UIInterfaceOrientationLandscapeLeft UIInterfaceOrientationLandscapeRight";
				INFOPLIST_KEY_UISupportedInterfaceOrientations_iPhone = "UIInterfaceOrientationPortrait UIInterfaceOrientationLandscapeLeft UIInterfaceOrientationLandscapeRight";
				LD_RUNPATH_SEARCH_PATHS = (
					"$(inherited)",
					"@executable_path/Frameworks",
				);
				MARKETING_VERSION = 1.0;
				PRODUCT_BUNDLE_IDENTIFIER = "com.indiana.jonez.WB-travel";
				PRODUCT_NAME = "$(TARGET_NAME)";
				SWIFT_EMIT_LOC_STRINGS = YES;
				SWIFT_VERSION = 5.0;
				TARGETED_DEVICE_FAMILY = "1,2";
			};
			name = Debug;
		};
		F3A361062B14B1ED004A6E25 /* Release */ = {
			isa = XCBuildConfiguration;
			buildSettings = {
				ASSETCATALOG_COMPILER_APPICON_NAME = AppIcon;
				ASSETCATALOG_COMPILER_GLOBAL_ACCENT_COLOR_NAME = AccentColor;
				CODE_SIGN_STYLE = Automatic;
				CURRENT_PROJECT_VERSION = 1;
				DEVELOPMENT_TEAM = 332MXW7JWG;
				GENERATE_INFOPLIST_FILE = YES;
				INFOPLIST_FILE = WB_travel/Info.plist;
				INFOPLIST_KEY_UIApplicationSupportsIndirectInputEvents = YES;
				INFOPLIST_KEY_UILaunchStoryboardName = LaunchScreen;
				INFOPLIST_KEY_UISupportedInterfaceOrientations_iPad = "UIInterfaceOrientationPortrait UIInterfaceOrientationPortraitUpsideDown UIInterfaceOrientationLandscapeLeft UIInterfaceOrientationLandscapeRight";
				INFOPLIST_KEY_UISupportedInterfaceOrientations_iPhone = "UIInterfaceOrientationPortrait UIInterfaceOrientationLandscapeLeft UIInterfaceOrientationLandscapeRight";
				LD_RUNPATH_SEARCH_PATHS = (
					"$(inherited)",
					"@executable_path/Frameworks",
				);
				MARKETING_VERSION = 1.0;
				PRODUCT_BUNDLE_IDENTIFIER = "com.indiana.jonez.WB-travel";
				PRODUCT_NAME = "$(TARGET_NAME)";
				SWIFT_EMIT_LOC_STRINGS = YES;
				SWIFT_VERSION = 5.0;
				TARGETED_DEVICE_FAMILY = "1,2";
			};
			name = Release;
		};
/* End XCBuildConfiguration section */

/* Begin XCConfigurationList section */
		F3A360EB2B14B1EB004A6E25 /* Build configuration list for PBXProject "WB_travel" */ = {
			isa = XCConfigurationList;
			buildConfigurations = (
				F3A361022B14B1ED004A6E25 /* Debug */,
				F3A361032B14B1ED004A6E25 /* Release */,
			);
			defaultConfigurationIsVisible = 0;
			defaultConfigurationName = Release;
		};
		F3A361042B14B1ED004A6E25 /* Build configuration list for PBXNativeTarget "WB_travel" */ = {
			isa = XCConfigurationList;
			buildConfigurations = (
				F3A361052B14B1ED004A6E25 /* Debug */,
				F3A361062B14B1ED004A6E25 /* Release */,
			);
			defaultConfigurationIsVisible = 0;
			defaultConfigurationName = Release;
		};
/* End XCConfigurationList section */
	};
	rootObject = F3A360E82B14B1EB004A6E25 /* Project object */;
}
